
Microsoft Visual Studio Solution File, Format Version 12.00
# Visual Studio Version 17
VisualStudioVersion = 17.6.33723.286
MinimumVisualStudioVersion = 10.0.40219.1
Project("{9A19103F-16F7-4668-BE54-9A1E7A4F7556}") = "CartPoleForTesting", "CartPoleForTesting.csproj", "{5ABB0042-6B09-48A2-B8C5-21E70A820B0E}"
EndProject
Global
	GlobalSection(SolutionConfigurationPlatforms) = preSolution
		Debug|Any CPU = Debug|Any CPU
		Release|Any CPU = Release|Any CPU
	EndGlobalSection
	GlobalSection(ProjectConfigurationPlatforms) = postSolution
		{5ABB0042-6B09-48A2-B8C5-21E70A820B0E}.Debug|Any CPU.ActiveCfg = Debug|Any CPU
		{5ABB0042-6B09-48A2-B8C5-21E70A820B0E}.Debug|Any CPU.Build.0 = Debug|Any CPU
		{5ABB0042-6B09-48A2-B8C5-21E70A820B0E}.Release|Any CPU.ActiveCfg = Release|Any CPU
		{5ABB0042-6B09-48A2-B8C5-21E70A820B0E}.Release|Any CPU.Build.0 = Release|Any CPU
	EndGlobalSection
	GlobalSection(SolutionProperties) = preSolution
		HideSolutionNode = FALSE
	EndGlobalSection
	GlobalSection(ExtensibilityGlobals) = postSolution
		SolutionGuid = {D1D04697-5912-4E4D-82B6-8D783AA3028E}
	EndGlobalSection
EndGlobal
