
Microsoft Visual Studio Solution File, Format Version 12.00
# Visual Studio Version 17
VisualStudioVersion = 17.6.33723.286
MinimumVisualStudioVersion = 10.0.40219.1
Project("{9A19103F-16F7-4668-BE54-9A1E7A4F7556}") = "CartPoleForTesting", "CartPoleForTesting.csproj", "{5ABB0042-6B09-48A2-B8C5-21E70A820B0E}"
EndProject
Project("{9A19103F-16F7-4668-BE54-9A1E7A4F7556}") = "RLMatrix.Common", "..\..\RLMat2\RLMatrix\src\RLMatrix.Common\RLMatrix.Common.csproj", "{439018C8-DC2B-4E41-AC97-AC190640C7CE}"
EndProject
Project("{9A19103F-16F7-4668-BE54-9A1E7A4F7556}") = "RLMatrix.Remote", "..\..\RLMat2\RLMatrix\src\RLMatrix.Remote\RLMatrix.Remote.csproj", "{DBFA6970-A4D5-41D3-88B1-1B9E906B2A20}"
EndProject
Project("{9A19103F-16F7-4668-BE54-9A1E7A4F7556}") = "CartPole-v1-Client", "..\..\RLMat2\RLMatrix\examples\Networked\CartPole-v1-Client\CartPole-v1-Client.csproj", "{76D81015-1846-471F-9863-B83ADD612F5F}"
EndProject
Project("{9A19103F-16F7-4668-BE54-9A1E7A4F7556}") = "RLMatrix", "..\..\RLMat2\RLMatrix\src\RLMatrix\RLMatrix.csproj", "{5A9AF050-707B-4FB4-878F-7FB6A1704562}"
EndProject
Project("{9A19103F-16F7-4668-BE54-9A1E7A4F7556}") = "RLMatrix.Common.Remote", "..\..\RLMat2\RLMatrix\src\RLMatrix.Common.Remote\RLMatrix.Common.Remote.csproj", "{3B778D14-FA1B-42CA-B7CE-019CC56A6F2D}"
EndProject
Project("{9A19103F-16F7-4668-BE54-9A1E7A4F7556}") = "CartPoleCore31", "..\CartPoleCore31\CartPoleCore31.csproj", "{D8FD4EB0-21E3-4733-AE3F-8D6DB59BFD4D}"
EndProject
Project("{9A19103F-16F7-4668-BE54-9A1E7A4F7556}") = "RLMatrix.Toolkit", "..\..\RLMat2\RLMatrix\src\RLMatrix.Toolkit\RLMatrix.Toolkit.csproj", "{221E2FED-6429-4CF5-B445-8B5D10E54D15}"
EndProject
Global
	GlobalSection(SolutionConfigurationPlatforms) = preSolution
		Debug|Any CPU = Debug|Any CPU
		Debug|x64 = Debug|x64
		Release|Any CPU = Release|Any CPU
		Release|x64 = Release|x64
	EndGlobalSection
	GlobalSection(ProjectConfigurationPlatforms) = postSolution
		{5ABB0042-6B09-48A2-B8C5-21E70A820B0E}.Debug|Any CPU.ActiveCfg = Debug|Any CPU
		{5ABB0042-6B09-48A2-B8C5-21E70A820B0E}.Debug|Any CPU.Build.0 = Debug|Any CPU
		{5ABB0042-6B09-48A2-B8C5-21E70A820B0E}.Debug|x64.ActiveCfg = Debug|Any CPU
		{5ABB0042-6B09-48A2-B8C5-21E70A820B0E}.Debug|x64.Build.0 = Debug|Any CPU
		{5ABB0042-6B09-48A2-B8C5-21E70A820B0E}.Release|Any CPU.ActiveCfg = Release|Any CPU
		{5ABB0042-6B09-48A2-B8C5-21E70A820B0E}.Release|Any CPU.Build.0 = Release|Any CPU
		{5ABB0042-6B09-48A2-B8C5-21E70A820B0E}.Release|x64.ActiveCfg = Release|Any CPU
		{5ABB0042-6B09-48A2-B8C5-21E70A820B0E}.Release|x64.Build.0 = Release|Any CPU
		{439018C8-DC2B-4E41-AC97-AC190640C7CE}.Debug|Any CPU.ActiveCfg = Debug|Any CPU
		{439018C8-DC2B-4E41-AC97-AC190640C7CE}.Debug|Any CPU.Build.0 = Debug|Any CPU
		{439018C8-DC2B-4E41-AC97-AC190640C7CE}.Debug|x64.ActiveCfg = Debug|Any CPU
		{439018C8-DC2B-4E41-AC97-AC190640C7CE}.Debug|x64.Build.0 = Debug|Any CPU
		{439018C8-DC2B-4E41-AC97-AC190640C7CE}.Release|Any CPU.ActiveCfg = Release|Any CPU
		{439018C8-DC2B-4E41-AC97-AC190640C7CE}.Release|Any CPU.Build.0 = Release|Any CPU
		{439018C8-DC2B-4E41-AC97-AC190640C7CE}.Release|x64.ActiveCfg = Release|Any CPU
		{439018C8-DC2B-4E41-AC97-AC190640C7CE}.Release|x64.Build.0 = Release|Any CPU
		{DBFA6970-A4D5-41D3-88B1-1B9E906B2A20}.Debug|Any CPU.ActiveCfg = Debug|Any CPU
		{DBFA6970-A4D5-41D3-88B1-1B9E906B2A20}.Debug|Any CPU.Build.0 = Debug|Any CPU
		{DBFA6970-A4D5-41D3-88B1-1B9E906B2A20}.Debug|x64.ActiveCfg = Debug|Any CPU
		{DBFA6970-A4D5-41D3-88B1-1B9E906B2A20}.Debug|x64.Build.0 = Debug|Any CPU
		{DBFA6970-A4D5-41D3-88B1-1B9E906B2A20}.Release|Any CPU.ActiveCfg = Release|Any CPU
		{DBFA6970-A4D5-41D3-88B1-1B9E906B2A20}.Release|Any CPU.Build.0 = Release|Any CPU
		{DBFA6970-A4D5-41D3-88B1-1B9E906B2A20}.Release|x64.ActiveCfg = Release|Any CPU
		{DBFA6970-A4D5-41D3-88B1-1B9E906B2A20}.Release|x64.Build.0 = Release|Any CPU
		{76D81015-1846-471F-9863-B83ADD612F5F}.Debug|Any CPU.ActiveCfg = Debug|Any CPU
		{76D81015-1846-471F-9863-B83ADD612F5F}.Debug|Any CPU.Build.0 = Debug|Any CPU
		{76D81015-1846-471F-9863-B83ADD612F5F}.Debug|x64.ActiveCfg = Debug|Any CPU
		{76D81015-1846-471F-9863-B83ADD612F5F}.Debug|x64.Build.0 = Debug|Any CPU
		{76D81015-1846-471F-9863-B83ADD612F5F}.Release|Any CPU.ActiveCfg = Release|Any CPU
		{76D81015-1846-471F-9863-B83ADD612F5F}.Release|Any CPU.Build.0 = Release|Any CPU
		{76D81015-1846-471F-9863-B83ADD612F5F}.Release|x64.ActiveCfg = Release|Any CPU
		{76D81015-1846-471F-9863-B83ADD612F5F}.Release|x64.Build.0 = Release|Any CPU
		{5A9AF050-707B-4FB4-878F-7FB6A1704562}.Debug|Any CPU.ActiveCfg = Debug|Any CPU
		{5A9AF050-707B-4FB4-878F-7FB6A1704562}.Debug|Any CPU.Build.0 = Debug|Any CPU
		{5A9AF050-707B-4FB4-878F-7FB6A1704562}.Debug|x64.ActiveCfg = Debug|Any CPU
		{5A9AF050-707B-4FB4-878F-7FB6A1704562}.Debug|x64.Build.0 = Debug|Any CPU
		{5A9AF050-707B-4FB4-878F-7FB6A1704562}.Release|Any CPU.ActiveCfg = Release|Any CPU
		{5A9AF050-707B-4FB4-878F-7FB6A1704562}.Release|Any CPU.Build.0 = Release|Any CPU
		{5A9AF050-707B-4FB4-878F-7FB6A1704562}.Release|x64.ActiveCfg = Release|Any CPU
		{5A9AF050-707B-4FB4-878F-7FB6A1704562}.Release|x64.Build.0 = Release|Any CPU
		{3B778D14-FA1B-42CA-B7CE-019CC56A6F2D}.Debug|Any CPU.ActiveCfg = Debug|Any CPU
		{3B778D14-FA1B-42CA-B7CE-019CC56A6F2D}.Debug|Any CPU.Build.0 = Debug|Any CPU
		{3B778D14-FA1B-42CA-B7CE-019CC56A6F2D}.Debug|x64.ActiveCfg = Debug|Any CPU
		{3B778D14-FA1B-42CA-B7CE-019CC56A6F2D}.Debug|x64.Build.0 = Debug|Any CPU
		{3B778D14-FA1B-42CA-B7CE-019CC56A6F2D}.Release|Any CPU.ActiveCfg = Release|Any CPU
		{3B778D14-FA1B-42CA-B7CE-019CC56A6F2D}.Release|Any CPU.Build.0 = Release|Any CPU
		{3B778D14-FA1B-42CA-B7CE-019CC56A6F2D}.Release|x64.ActiveCfg = Release|Any CPU
		{3B778D14-FA1B-42CA-B7CE-019CC56A6F2D}.Release|x64.Build.0 = Release|Any CPU
		{D8FD4EB0-21E3-4733-AE3F-8D6DB59BFD4D}.Debug|Any CPU.ActiveCfg = Debug|Any CPU
		{D8FD4EB0-21E3-4733-AE3F-8D6DB59BFD4D}.Debug|Any CPU.Build.0 = Debug|Any CPU
		{D8FD4EB0-21E3-4733-AE3F-8D6DB59BFD4D}.Debug|x64.ActiveCfg = Debug|Any CPU
		{D8FD4EB0-21E3-4733-AE3F-8D6DB59BFD4D}.Debug|x64.Build.0 = Debug|Any CPU
		{D8FD4EB0-21E3-4733-AE3F-8D6DB59BFD4D}.Release|Any CPU.ActiveCfg = Release|Any CPU
		{D8FD4EB0-21E3-4733-AE3F-8D6DB59BFD4D}.Release|Any CPU.Build.0 = Release|Any CPU
		{D8FD4EB0-21E3-4733-AE3F-8D6DB59BFD4D}.Release|x64.ActiveCfg = Release|Any CPU
		{D8FD4EB0-21E3-4733-AE3F-8D6DB59BFD4D}.Release|x64.Build.0 = Release|Any CPU
		{221E2FED-6429-4CF5-B445-8B5D10E54D15}.Debug|Any CPU.ActiveCfg = Debug|Any CPU
		{221E2FED-6429-4CF5-B445-8B5D10E54D15}.Debug|Any CPU.Build.0 = Debug|Any CPU
		{221E2FED-6429-4CF5-B445-8B5D10E54D15}.Debug|x64.ActiveCfg = Debug|Any CPU
		{221E2FED-6429-4CF5-B445-8B5D10E54D15}.Debug|x64.Build.0 = Debug|Any CPU
		{221E2FED-6429-4CF5-B445-8B5D10E54D15}.Release|Any CPU.ActiveCfg = Release|Any CPU
		{221E2FED-6429-4CF5-B445-8B5D10E54D15}.Release|Any CPU.Build.0 = Release|Any CPU
		{221E2FED-6429-4CF5-B445-8B5D10E54D15}.Release|x64.ActiveCfg = Release|Any CPU
		{221E2FED-6429-4CF5-B445-8B5D10E54D15}.Release|x64.Build.0 = Release|Any CPU
	EndGlobalSection
	GlobalSection(SolutionProperties) = preSolution
		HideSolutionNode = FALSE
	EndGlobalSection
	GlobalSection(ExtensibilityGlobals) = postSolution
		SolutionGuid = {D1D04697-5912-4E4D-82B6-8D783AA3028E}
	EndGlobalSection
EndGlobal
